
Microsoft Visual Studio Solution File, Format Version 12.00
Project("{FAE04EC0-301F-11D3-BF4B-00C04F79EFBC}") = "NexusAuth.Domain", "src\NexusAuth.Domain\NexusAuth.Domain.csproj", "{95137CA3-AAA2-47A9-8F86-D5254F6D3E09}"
EndProject
Project("{FAE04EC0-301F-11D3-BF4B-00C04F79EFBC}") = "NexusAuth.Shared", "src\NexusAuth.Shared\NexusAuth.Shared.csproj", "{FC9270F5-9F51-46CB-8C20-9864A615A6F9}"
EndProject
Project("{FAE04EC0-301F-11D3-BF4B-00C04F79EFBC}") = "NexusAuth.Persistence", "src\NexusAuth.Persistence\NexusAuth.Persistence.csproj", "{EB33F888-21E1-441C-B5D8-9AD488EC89CB}"
EndProject
Project("{FAE04EC0-301F-11D3-BF4B-00C04F79EFBC}") = "NexusAuth.Application", "src\NexusAuth.Application\NexusAuth.Application.csproj", "{C9E13B48-5F76-4F80-A832-863F0309D441}"
EndProject
Project("{2150E333-8FDC-42A3-9474-1A3956D46DE8}") = "0.Solution Items", "0.Solution Items", "{6ED40E3D-207A-4DE8-ACD5-AB297382B865}"
	ProjectSection(SolutionItems) = preProject
		Directory.Packages.props = Directory.Packages.props
		Directory.Build.props = Directory.Build.props
		README.md = README.md
		auth-flow.md = auth-flow.md
		production-init.sql = production-init.sql
		diagram-index.md = diagram-index.md
		docker-compose.yml = docker-compose.yml
	EndProjectSection
EndProject
Project("{2150E333-8FDC-42A3-9474-1A3956D46DE8}") = "src", "src", "{827E0CD3-B72D-47B6-A68D-7590B98EB39B}"
EndProject
Project("{FAE04EC0-301F-11D3-BF4B-00C04F79EFBC}") = "NexusAuth.Host", "src\NexusAuth.Host\NexusAuth.Host.csproj", "{F758C060-689F-445D-BD0A-7CE7C78B4467}"
EndProject
Project("{2150E333-8FDC-42A3-9474-1A3956D46DE8}") = "nuget", "nuget", "{F9813FE2-2D6E-4345-B05B-79D68B1978CB}"
EndProject
Project("{2150E333-8FDC-42A3-9474-1A3956D46DE8}") = "tests", "tests", "{0AB3BF05-4346-4AA6-1389-037BE0695223}"
EndProject
Project("{FAE04EC0-301F-11D3-BF4B-00C04F79EFBC}") = "NexusAuth.Domain.Tests", "tests\NexusAuth.Domain.Tests\NexusAuth.Domain.Tests.csproj", "{1BEB5A0F-1E3F-4291-A454-CFA3FEC30E53}"
EndProject
Project("{FAE04EC0-301F-11D3-BF4B-00C04F79EFBC}") = "NexusAuth.Workbench.Api.IntegrationTests", "tests\NexusAuth.Workbench.Api.IntegrationTests\NexusAuth.Workbench.Api.IntegrationTests.csproj", "{2D8F86A6-326E-4087-B8DE-11AC94284A5F}"
EndProject
Project("{2150E333-8FDC-42A3-9474-1A3956D46DE8}") = "admin", "admin", "{08363F22-23A7-70B7-557A-C076A2D48378}"
EndProject
Project("{2150E333-8FDC-42A3-9474-1A3956D46DE8}") = "src", "src", "{E08579B4-756D-743E-8E2E-7BC2241D154D}"
EndProject
Project("{FAE04EC0-301F-11D3-BF4B-00C04F79EFBC}") = "NexusAuth.Workbench.Api", "admin\src\NexusAuth.Workbench.Api\NexusAuth.Workbench.Api.csproj", "{ABBD18E0-77CD-41AA-956F-8365EEFC23D8}"
EndProject
Project("{FAE04EC0-301F-11D3-BF4B-00C04F79EFBC}") = "NexusAuth.Extension", "admin\src\NexusAuth.Extension\NexusAuth.Extension.csproj", "{29821D51-4060-4D74-9816-DEC5DC51614C}"
EndProject
Project("{FAE04EC0-301F-11D3-BF4B-00C04F79EFBC}") = "NexusAuth.Host.IntegrationTests", "tests\NexusAuth.Host.IntegrationTests\NexusAuth.Host.IntegrationTests.csproj", "{A092C0E7-3D38-4C8A-A6CB-8860A6186953}"
EndProject
Global
	GlobalSection(SolutionConfigurationPlatforms) = preSolution
		Debug|Any CPU = Debug|Any CPU
		Debug|x64 = Debug|x64
		Debug|x86 = Debug|x86
		Release|Any CPU = Release|Any CPU
		Release|x64 = Release|x64
		Release|x86 = Release|x86
	EndGlobalSection
	GlobalSection(ProjectConfigurationPlatforms) = postSolution
		{95137CA3-AAA2-47A9-8F86-D5254F6D3E09}.Debug|Any CPU.ActiveCfg = Debug|Any CPU
		{95137CA3-AAA2-47A9-8F86-D5254F6D3E09}.Debug|Any CPU.Build.0 = Debug|Any CPU
		{95137CA3-AAA2-47A9-8F86-D5254F6D3E09}.Debug|x64.ActiveCfg = Debug|Any CPU
		{95137CA3-AAA2-47A9-8F86-D5254F6D3E09}.Debug|x64.Build.0 = Debug|Any CPU
		{95137CA3-AAA2-47A9-8F86-D5254F6D3E09}.Debug|x86.ActiveCfg = Debug|Any CPU
		{95137CA3-AAA2-47A9-8F86-D5254F6D3E09}.Debug|x86.Build.0 = Debug|Any CPU
		{95137CA3-AAA2-47A9-8F86-D5254F6D3E09}.Release|Any CPU.ActiveCfg = Release|Any CPU
		{95137CA3-AAA2-47A9-8F86-D5254F6D3E09}.Release|Any CPU.Build.0 = Release|Any CPU
		{95137CA3-AAA2-47A9-8F86-D5254F6D3E09}.Release|x64.ActiveCfg = Release|Any CPU
		{95137CA3-AAA2-47A9-8F86-D5254F6D3E09}.Release|x64.Build.0 = Release|Any CPU
		{95137CA3-AAA2-47A9-8F86-D5254F6D3E09}.Release|x86.ActiveCfg = Release|Any CPU
		{95137CA3-AAA2-47A9-8F86-D5254F6D3E09}.Release|x86.Build.0 = Release|Any CPU
		{FC9270F5-9F51-46CB-8C20-9864A615A6F9}.Debug|Any CPU.ActiveCfg = Debug|Any CPU
		{FC9270F5-9F51-46CB-8C20-9864A615A6F9}.Debug|Any CPU.Build.0 = Debug|Any CPU
		{FC9270F5-9F51-46CB-8C20-9864A615A6F9}.Debug|x64.ActiveCfg = Debug|Any CPU
		{FC9270F5-9F51-46CB-8C20-9864A615A6F9}.Debug|x64.Build.0 = Debug|Any CPU
		{FC9270F5-9F51-46CB-8C20-9864A615A6F9}.Debug|x86.ActiveCfg = Debug|Any CPU
		{FC9270F5-9F51-46CB-8C20-9864A615A6F9}.Debug|x86.Build.0 = Debug|Any CPU
		{FC9270F5-9F51-46CB-8C20-9864A615A6F9}.Release|Any CPU.ActiveCfg = Release|Any CPU
		{FC9270F5-9F51-46CB-8C20-9864A615A6F9}.Release|Any CPU.Build.0 = Release|Any CPU
		{FC9270F5-9F51-46CB-8C20-9864A615A6F9}.Release|x64.ActiveCfg = Release|Any CPU
		{FC9270F5-9F51-46CB-8C20-9864A615A6F9}.Release|x64.Build.0 = Release|Any CPU
		{FC9270F5-9F51-46CB-8C20-9864A615A6F9}.Release|x86.ActiveCfg = Release|Any CPU
		{FC9270F5-9F51-46CB-8C20-9864A615A6F9}.Release|x86.Build.0 = Release|Any CPU
		{EB33F888-21E1-441C-B5D8-9AD488EC89CB}.Debug|Any CPU.ActiveCfg = Debug|Any CPU
		{EB33F888-21E1-441C-B5D8-9AD488EC89CB}.Debug|Any CPU.Build.0 = Debug|Any CPU
		{EB33F888-21E1-441C-B5D8-9AD488EC89CB}.Debug|x64.ActiveCfg = Debug|Any CPU
		{EB33F888-21E1-441C-B5D8-9AD488EC89CB}.Debug|x64.Build.0 = Debug|Any CPU
		{EB33F888-21E1-441C-B5D8-9AD488EC89CB}.Debug|x86.ActiveCfg = Debug|Any CPU
		{EB33F888-21E1-441C-B5D8-9AD488EC89CB}.Debug|x86.Build.0 = Debug|Any CPU
		{EB33F888-21E1-441C-B5D8-9AD488EC89CB}.Release|Any CPU.ActiveCfg = Release|Any CPU
		{EB33F888-21E1-441C-B5D8-9AD488EC89CB}.Release|Any CPU.Build.0 = Release|Any CPU
		{EB33F888-21E1-441C-B5D8-9AD488EC89CB}.Release|x64.ActiveCfg = Release|Any CPU
		{EB33F888-21E1-441C-B5D8-9AD488EC89CB}.Release|x64.Build.0 = Release|Any CPU
		{EB33F888-21E1-441C-B5D8-9AD488EC89CB}.Release|x86.ActiveCfg = Release|Any CPU
		{EB33F888-21E1-441C-B5D8-9AD488EC89CB}.Release|x86.Build.0 = Release|Any CPU
		{C9E13B48-5F76-4F80-A832-863F0309D441}.Debug|Any CPU.ActiveCfg = Debug|Any CPU
		{C9E13B48-5F76-4F80-A832-863F0309D441}.Debug|Any CPU.Build.0 = Debug|Any CPU
		{C9E13B48-5F76-4F80-A832-863F0309D441}.Debug|x64.ActiveCfg = Debug|Any CPU
		{C9E13B48-5F76-4F80-A832-863F0309D441}.Debug|x64.Build.0 = Debug|Any CPU
		{C9E13B48-5F76-4F80-A832-863F0309D441}.Debug|x86.ActiveCfg = Debug|Any CPU
		{C9E13B48-5F76-4F80-A832-863F0309D441}.Debug|x86.Build.0 = Debug|Any CPU
		{C9E13B48-5F76-4F80-A832-863F0309D441}.Release|Any CPU.ActiveCfg = Release|Any CPU
		{C9E13B48-5F76-4F80-A832-863F0309D441}.Release|Any CPU.Build.0 = Release|Any CPU
		{C9E13B48-5F76-4F80-A832-863F0309D441}.Release|x64.ActiveCfg = Release|Any CPU
		{C9E13B48-5F76-4F80-A832-863F0309D441}.Release|x64.Build.0 = Release|Any CPU
		{C9E13B48-5F76-4F80-A832-863F0309D441}.Release|x86.ActiveCfg = Release|Any CPU
		{C9E13B48-5F76-4F80-A832-863F0309D441}.Release|x86.Build.0 = Release|Any CPU
		{F758C060-689F-445D-BD0A-7CE7C78B4467}.Debug|Any CPU.ActiveCfg = Debug|Any CPU
		{F758C060-689F-445D-BD0A-7CE7C78B4467}.Debug|Any CPU.Build.0 = Debug|Any CPU
		{F758C060-689F-445D-BD0A-7CE7C78B4467}.Debug|x64.ActiveCfg = Debug|Any CPU
		{F758C060-689F-445D-BD0A-7CE7C78B4467}.Debug|x64.Build.0 = Debug|Any CPU
		{F758C060-689F-445D-BD0A-7CE7C78B4467}.Debug|x86.ActiveCfg = Debug|Any CPU
		{F758C060-689F-445D-BD0A-7CE7C78B4467}.Debug|x86.Build.0 = Debug|Any CPU
		{F758C060-689F-445D-BD0A-7CE7C78B4467}.Release|Any CPU.ActiveCfg = Release|Any CPU
		{F758C060-689F-445D-BD0A-7CE7C78B4467}.Release|Any CPU.Build.0 = Release|Any CPU
		{F758C060-689F-445D-BD0A-7CE7C78B4467}.Release|x64.ActiveCfg = Release|Any CPU
		{F758C060-689F-445D-BD0A-7CE7C78B4467}.Release|x64.Build.0 = Release|Any CPU
		{F758C060-689F-445D-BD0A-7CE7C78B4467}.Release|x86.ActiveCfg = Release|Any CPU
		{F758C060-689F-445D-BD0A-7CE7C78B4467}.Release|x86.Build.0 = Release|Any CPU
		{1BEB5A0F-1E3F-4291-A454-CFA3FEC30E53}.Debug|Any CPU.ActiveCfg = Debug|Any CPU
		{1BEB5A0F-1E3F-4291-A454-CFA3FEC30E53}.Debug|Any CPU.Build.0 = Debug|Any CPU
		{1BEB5A0F-1E3F-4291-A454-CFA3FEC30E53}.Debug|x64.ActiveCfg = Debug|Any CPU
		{1BEB5A0F-1E3F-4291-A454-CFA3FEC30E53}.Debug|x64.Build.0 = Debug|Any CPU
		{1BEB5A0F-1E3F-4291-A454-CFA3FEC30E53}.Debug|x86.ActiveCfg = Debug|Any CPU
		{1BEB5A0F-1E3F-4291-A454-CFA3FEC30E53}.Debug|x86.Build.0 = Debug|Any CPU
		{1BEB5A0F-1E3F-4291-A454-CFA3FEC30E53}.Release|Any CPU.ActiveCfg = Release|Any CPU
		{1BEB5A0F-1E3F-4291-A454-CFA3FEC30E53}.Release|Any CPU.Build.0 = Release|Any CPU
		{1BEB5A0F-1E3F-4291-A454-CFA3FEC30E53}.Release|x64.ActiveCfg = Release|Any CPU
		{1BEB5A0F-1E3F-4291-A454-CFA3FEC30E53}.Release|x64.Build.0 = Release|Any CPU
		{1BEB5A0F-1E3F-4291-A454-CFA3FEC30E53}.Release|x86.ActiveCfg = Release|Any CPU
		{1BEB5A0F-1E3F-4291-A454-CFA3FEC30E53}.Release|x86.Build.0 = Release|Any CPU
		{2D8F86A6-326E-4087-B8DE-11AC94284A5F}.Debug|Any CPU.ActiveCfg = Debug|Any CPU
		{2D8F86A6-326E-4087-B8DE-11AC94284A5F}.Debug|Any CPU.Build.0 = Debug|Any CPU
		{2D8F86A6-326E-4087-B8DE-11AC94284A5F}.Debug|x64.ActiveCfg = Debug|Any CPU
		{2D8F86A6-326E-4087-B8DE-11AC94284A5F}.Debug|x64.Build.0 = Debug|Any CPU
		{2D8F86A6-326E-4087-B8DE-11AC94284A5F}.Debug|x86.ActiveCfg = Debug|Any CPU
		{2D8F86A6-326E-4087-B8DE-11AC94284A5F}.Debug|x86.Build.0 = Debug|Any CPU
		{2D8F86A6-326E-4087-B8DE-11AC94284A5F}.Release|Any CPU.ActiveCfg = Release|Any CPU
		{2D8F86A6-326E-4087-B8DE-11AC94284A5F}.Release|Any CPU.Build.0 = Release|Any CPU
		{2D8F86A6-326E-4087-B8DE-11AC94284A5F}.Release|x64.ActiveCfg = Release|Any CPU
		{2D8F86A6-326E-4087-B8DE-11AC94284A5F}.Release|x64.Build.0 = Release|Any CPU
		{2D8F86A6-326E-4087-B8DE-11AC94284A5F}.Release|x86.ActiveCfg = Release|Any CPU
		{2D8F86A6-326E-4087-B8DE-11AC94284A5F}.Release|x86.Build.0 = Release|Any CPU
		{ABBD18E0-77CD-41AA-956F-8365EEFC23D8}.Debug|Any CPU.ActiveCfg = Debug|Any CPU
		{ABBD18E0-77CD-41AA-956F-8365EEFC23D8}.Debug|Any CPU.Build.0 = Debug|Any CPU
		{ABBD18E0-77CD-41AA-956F-8365EEFC23D8}.Debug|x64.ActiveCfg = Debug|Any CPU
		{ABBD18E0-77CD-41AA-956F-8365EEFC23D8}.Debug|x64.Build.0 = Debug|Any CPU
		{ABBD18E0-77CD-41AA-956F-8365EEFC23D8}.Debug|x86.ActiveCfg = Debug|Any CPU
		{ABBD18E0-77CD-41AA-956F-8365EEFC23D8}.Debug|x86.Build.0 = Debug|Any CPU
		{ABBD18E0-77CD-41AA-956F-8365EEFC23D8}.Release|Any CPU.ActiveCfg = Release|Any CPU
		{ABBD18E0-77CD-41AA-956F-8365EEFC23D8}.Release|Any CPU.Build.0 = Release|Any CPU
		{ABBD18E0-77CD-41AA-956F-8365EEFC23D8}.Release|x64.ActiveCfg = Release|Any CPU
		{ABBD18E0-77CD-41AA-956F-8365EEFC23D8}.Release|x64.Build.0 = Release|Any CPU
		{ABBD18E0-77CD-41AA-956F-8365EEFC23D8}.Release|x86.ActiveCfg = Release|Any CPU
		{ABBD18E0-77CD-41AA-956F-8365EEFC23D8}.Release|x86.Build.0 = Release|Any CPU
		{29821D51-4060-4D74-9816-DEC5DC51614C}.Debug|Any CPU.ActiveCfg = Debug|Any CPU
		{29821D51-4060-4D74-9816-DEC5DC51614C}.Debug|Any CPU.Build.0 = Debug|Any CPU
		{29821D51-4060-4D74-9816-DEC5DC51614C}.Debug|x64.ActiveCfg = Debug|Any CPU
		{29821D51-4060-4D74-9816-DEC5DC51614C}.Debug|x64.Build.0 = Debug|Any CPU
		{29821D51-4060-4D74-9816-DEC5DC51614C}.Debug|x86.ActiveCfg = Debug|Any CPU
		{29821D51-4060-4D74-9816-DEC5DC51614C}.Debug|x86.Build.0 = Debug|Any CPU
		{29821D51-4060-4D74-9816-DEC5DC51614C}.Release|Any CPU.ActiveCfg = Release|Any CPU
		{29821D51-4060-4D74-9816-DEC5DC51614C}.Release|Any CPU.Build.0 = Release|Any CPU
		{29821D51-4060-4D74-9816-DEC5DC51614C}.Release|x64.ActiveCfg = Release|Any CPU
		{29821D51-4060-4D74-9816-DEC5DC51614C}.Release|x64.Build.0 = Release|Any CPU
		{29821D51-4060-4D74-9816-DEC5DC51614C}.Release|x86.ActiveCfg = Release|Any CPU
		{29821D51-4060-4D74-9816-DEC5DC51614C}.Release|x86.Build.0 = Release|Any CPU
		{A092C0E7-3D38-4C8A-A6CB-8860A6186953}.Debug|Any CPU.ActiveCfg = Debug|Any CPU
		{A092C0E7-3D38-4C8A-A6CB-8860A6186953}.Debug|Any CPU.Build.0 = Debug|Any CPU
		{A092C0E7-3D38-4C8A-A6CB-8860A6186953}.Debug|x64.ActiveCfg = Debug|Any CPU
		{A092C0E7-3D38-4C8A-A6CB-8860A6186953}.Debug|x64.Build.0 = Debug|Any CPU
		{A092C0E7-3D38-4C8A-A6CB-8860A6186953}.Debug|x86.ActiveCfg = Debug|Any CPU
		{A092C0E7-3D38-4C8A-A6CB-8860A6186953}.Debug|x86.Build.0 = Debug|Any CPU
		{A092C0E7-3D38-4C8A-A6CB-8860A6186953}.Release|Any CPU.ActiveCfg = Release|Any CPU
		{A092C0E7-3D38-4C8A-A6CB-8860A6186953}.Release|Any CPU.Build.0 = Release|Any CPU
		{A092C0E7-3D38-4C8A-A6CB-8860A6186953}.Release|x64.ActiveCfg = Release|Any CPU
		{A092C0E7-3D38-4C8A-A6CB-8860A6186953}.Release|x64.Build.0 = Release|Any CPU
		{A092C0E7-3D38-4C8A-A6CB-8860A6186953}.Release|x86.ActiveCfg = Release|Any CPU
		{A092C0E7-3D38-4C8A-A6CB-8860A6186953}.Release|x86.Build.0 = Release|Any CPU
	EndGlobalSection
	GlobalSection(SolutionProperties) = preSolution
		HideSolutionNode = FALSE
	EndGlobalSection
	GlobalSection(NestedProjects) = preSolution
		{F758C060-689F-445D-BD0A-7CE7C78B4467} = {827E0CD3-B72D-47B6-A68D-7590B98EB39B}
		{1BEB5A0F-1E3F-4291-A454-CFA3FEC30E53} = {0AB3BF05-4346-4AA6-1389-037BE0695223}
		{2D8F86A6-326E-4087-B8DE-11AC94284A5F} = {0AB3BF05-4346-4AA6-1389-037BE0695223}
		{E08579B4-756D-743E-8E2E-7BC2241D154D} = {08363F22-23A7-70B7-557A-C076A2D48378}
		{ABBD18E0-77CD-41AA-956F-8365EEFC23D8} = {E08579B4-756D-743E-8E2E-7BC2241D154D}
		{29821D51-4060-4D74-9816-DEC5DC51614C} = {E08579B4-756D-743E-8E2E-7BC2241D154D}
		{A092C0E7-3D38-4C8A-A6CB-8860A6186953} = {0AB3BF05-4346-4AA6-1389-037BE0695223}
	EndGlobalSection
EndGlobal
