
Microsoft Visual Studio Solution File, Format Version 12.00
Project("{FAE04EC0-301F-11D3-BF4B-00C04F79EFBC}") = "NexusAuth.Domain", "src\NexusAuth.Domain\NexusAuth.Domain.csproj", "{95137CA3-AAA2-47A9-8F86-D5254F6D3E09}"
EndProject
Project("{FAE04EC0-301F-11D3-BF4B-00C04F79EFBC}") = "NexusAuth.Shared", "src\NexusAuth.Shared\NexusAuth.Shared.csproj", "{FC9270F5-9F51-46CB-8C20-9864A615A6F9}"
EndProject
Project("{FAE04EC0-301F-11D3-BF4B-00C04F79EFBC}") = "NexusAuth.Persistence", "src\NexusAuth.Persistence\NexusAuth.Persistence.csproj", "{EB33F888-21E1-441C-B5D8-9AD488EC89CB}"
EndProject
Project("{FAE04EC0-301F-11D3-BF4B-00C04F79EFBC}") = "NexusAuth.Application", "src\NexusAuth.Application\NexusAuth.Application.csproj", "{C9E13B48-5F76-4F80-A832-863F0309D441}"
EndProject
Project("{2150E333-8FDC-42A3-9474-1A3956D46DE8}") = "0.Solution Items", "0.Solution Items", "{6ED40E3D-207A-4DE8-ACD5-AB297382B865}"
	ProjectSection(SolutionItems) = preProject
		Directory.Packages.props = Directory.Packages.props
		Directory.Build.props = Directory.Build.props
		README.md = README.md
		auth-flow.md = auth-flow.md
		production-init.sql = production-init.sql
		auth-sequence-authorization-code.mmd = auth-sequence-authorization-code.mmd
		auth-sequence-device-code.mmd = auth-sequence-device-code.mmd
		auth-sequence-client-credentials.mmd = auth-sequence-client-credentials.mmd
		architecture-layered.mmd = architecture-layered.mmd
		diagram-index.md = diagram-index.md
		code-flow-refresh-token.mmd = code-flow-refresh-token.mmd
		code-flow-device-code.mmd = code-flow-device-code.mmd
		code-flow-client-authentication.mmd = code-flow-client-authentication.mmd
		code-flow-authorization-code.mmd = code-flow-authorization-code.mmd
		architecture-overview.mmd = architecture-overview.mmd
		auth-sequence-refresh-token.mmd = auth-sequence-refresh-token.mmd
	EndProjectSection
EndProject
Project("{2150E333-8FDC-42A3-9474-1A3956D46DE8}") = "src", "src", "{827E0CD3-B72D-47B6-A68D-7590B98EB39B}"
EndProject
Project("{FAE04EC0-301F-11D3-BF4B-00C04F79EFBC}") = "NexusAuth.Host", "src\NexusAuth.Host\NexusAuth.Host.csproj", "{F758C060-689F-445D-BD0A-7CE7C78B4467}"
EndProject
Project("{FAE04EC0-301F-11D3-BF4B-00C04F79EFBC}") = "NexusAuth.Workbench.Api", "src\NexusAuth.Workbench.Api\NexusAuth.Workbench.Api.csproj", "{4D964FCE-8B6A-403D-98B1-E445F849DE57}"
EndProject
Project("{FAE04EC0-301F-11D3-BF4B-00C04F79EFBC}") = "NexusAuth.Extension", "src\NexusAuth.Extension\NexusAuth.Extension.csproj", "{28DEFDB1-1941-4F05-9089-D1634977826F}"
EndProject
Project("{2150E333-8FDC-42A3-9474-1A3956D46DE8}") = "nuget", "nuget", "{F9813FE2-2D6E-4345-B05B-79D68B1978CB}"
EndProject
Project("{2150E333-8FDC-42A3-9474-1A3956D46DE8}") = "Workbench", "Workbench", "{9010398F-793C-4ACA-9309-A0A2F6B8839B}"
EndProject
Global
	GlobalSection(SolutionConfigurationPlatforms) = preSolution
		Debug|Any CPU = Debug|Any CPU
		Debug|x64 = Debug|x64
		Debug|x86 = Debug|x86
		Release|Any CPU = Release|Any CPU
		Release|x64 = Release|x64
		Release|x86 = Release|x86
	EndGlobalSection
	GlobalSection(ProjectConfigurationPlatforms) = postSolution
		{95137CA3-AAA2-47A9-8F86-D5254F6D3E09}.Debug|Any CPU.ActiveCfg = Debug|Any CPU
		{95137CA3-AAA2-47A9-8F86-D5254F6D3E09}.Debug|Any CPU.Build.0 = Debug|Any CPU
		{95137CA3-AAA2-47A9-8F86-D5254F6D3E09}.Debug|x64.ActiveCfg = Debug|Any CPU
		{95137CA3-AAA2-47A9-8F86-D5254F6D3E09}.Debug|x64.Build.0 = Debug|Any CPU
		{95137CA3-AAA2-47A9-8F86-D5254F6D3E09}.Debug|x86.ActiveCfg = Debug|Any CPU
		{95137CA3-AAA2-47A9-8F86-D5254F6D3E09}.Debug|x86.Build.0 = Debug|Any CPU
		{95137CA3-AAA2-47A9-8F86-D5254F6D3E09}.Release|Any CPU.ActiveCfg = Release|Any CPU
		{95137CA3-AAA2-47A9-8F86-D5254F6D3E09}.Release|Any CPU.Build.0 = Release|Any CPU
		{95137CA3-AAA2-47A9-8F86-D5254F6D3E09}.Release|x64.ActiveCfg = Release|Any CPU
		{95137CA3-AAA2-47A9-8F86-D5254F6D3E09}.Release|x64.Build.0 = Release|Any CPU
		{95137CA3-AAA2-47A9-8F86-D5254F6D3E09}.Release|x86.ActiveCfg = Release|Any CPU
		{95137CA3-AAA2-47A9-8F86-D5254F6D3E09}.Release|x86.Build.0 = Release|Any CPU
		{FC9270F5-9F51-46CB-8C20-9864A615A6F9}.Debug|Any CPU.ActiveCfg = Debug|Any CPU
		{FC9270F5-9F51-46CB-8C20-9864A615A6F9}.Debug|Any CPU.Build.0 = Debug|Any CPU
		{FC9270F5-9F51-46CB-8C20-9864A615A6F9}.Debug|x64.ActiveCfg = Debug|Any CPU
		{FC9270F5-9F51-46CB-8C20-9864A615A6F9}.Debug|x64.Build.0 = Debug|Any CPU
		{FC9270F5-9F51-46CB-8C20-9864A615A6F9}.Debug|x86.ActiveCfg = Debug|Any CPU
		{FC9270F5-9F51-46CB-8C20-9864A615A6F9}.Debug|x86.Build.0 = Debug|Any CPU
		{FC9270F5-9F51-46CB-8C20-9864A615A6F9}.Release|Any CPU.ActiveCfg = Release|Any CPU
		{FC9270F5-9F51-46CB-8C20-9864A615A6F9}.Release|Any CPU.Build.0 = Release|Any CPU
		{FC9270F5-9F51-46CB-8C20-9864A615A6F9}.Release|x64.ActiveCfg = Release|Any CPU
		{FC9270F5-9F51-46CB-8C20-9864A615A6F9}.Release|x64.Build.0 = Release|Any CPU
		{FC9270F5-9F51-46CB-8C20-9864A615A6F9}.Release|x86.ActiveCfg = Release|Any CPU
		{FC9270F5-9F51-46CB-8C20-9864A615A6F9}.Release|x86.Build.0 = Release|Any CPU
		{EB33F888-21E1-441C-B5D8-9AD488EC89CB}.Debug|Any CPU.ActiveCfg = Debug|Any CPU
		{EB33F888-21E1-441C-B5D8-9AD488EC89CB}.Debug|Any CPU.Build.0 = Debug|Any CPU
		{EB33F888-21E1-441C-B5D8-9AD488EC89CB}.Debug|x64.ActiveCfg = Debug|Any CPU
		{EB33F888-21E1-441C-B5D8-9AD488EC89CB}.Debug|x64.Build.0 = Debug|Any CPU
		{EB33F888-21E1-441C-B5D8-9AD488EC89CB}.Debug|x86.ActiveCfg = Debug|Any CPU
		{EB33F888-21E1-441C-B5D8-9AD488EC89CB}.Debug|x86.Build.0 = Debug|Any CPU
		{EB33F888-21E1-441C-B5D8-9AD488EC89CB}.Release|Any CPU.ActiveCfg = Release|Any CPU
		{EB33F888-21E1-441C-B5D8-9AD488EC89CB}.Release|Any CPU.Build.0 = Release|Any CPU
		{EB33F888-21E1-441C-B5D8-9AD488EC89CB}.Release|x64.ActiveCfg = Release|Any CPU
		{EB33F888-21E1-441C-B5D8-9AD488EC89CB}.Release|x64.Build.0 = Release|Any CPU
		{EB33F888-21E1-441C-B5D8-9AD488EC89CB}.Release|x86.ActiveCfg = Release|Any CPU
		{EB33F888-21E1-441C-B5D8-9AD488EC89CB}.Release|x86.Build.0 = Release|Any CPU
		{C9E13B48-5F76-4F80-A832-863F0309D441}.Debug|Any CPU.ActiveCfg = Debug|Any CPU
		{C9E13B48-5F76-4F80-A832-863F0309D441}.Debug|Any CPU.Build.0 = Debug|Any CPU
		{C9E13B48-5F76-4F80-A832-863F0309D441}.Debug|x64.ActiveCfg = Debug|Any CPU
		{C9E13B48-5F76-4F80-A832-863F0309D441}.Debug|x64.Build.0 = Debug|Any CPU
		{C9E13B48-5F76-4F80-A832-863F0309D441}.Debug|x86.ActiveCfg = Debug|Any CPU
		{C9E13B48-5F76-4F80-A832-863F0309D441}.Debug|x86.Build.0 = Debug|Any CPU
		{C9E13B48-5F76-4F80-A832-863F0309D441}.Release|Any CPU.ActiveCfg = Release|Any CPU
		{C9E13B48-5F76-4F80-A832-863F0309D441}.Release|Any CPU.Build.0 = Release|Any CPU
		{C9E13B48-5F76-4F80-A832-863F0309D441}.Release|x64.ActiveCfg = Release|Any CPU
		{C9E13B48-5F76-4F80-A832-863F0309D441}.Release|x64.Build.0 = Release|Any CPU
		{C9E13B48-5F76-4F80-A832-863F0309D441}.Release|x86.ActiveCfg = Release|Any CPU
		{C9E13B48-5F76-4F80-A832-863F0309D441}.Release|x86.Build.0 = Release|Any CPU
		{F758C060-689F-445D-BD0A-7CE7C78B4467}.Debug|Any CPU.ActiveCfg = Debug|Any CPU
		{F758C060-689F-445D-BD0A-7CE7C78B4467}.Debug|Any CPU.Build.0 = Debug|Any CPU
		{F758C060-689F-445D-BD0A-7CE7C78B4467}.Debug|x64.ActiveCfg = Debug|Any CPU
		{F758C060-689F-445D-BD0A-7CE7C78B4467}.Debug|x64.Build.0 = Debug|Any CPU
		{F758C060-689F-445D-BD0A-7CE7C78B4467}.Debug|x86.ActiveCfg = Debug|Any CPU
		{F758C060-689F-445D-BD0A-7CE7C78B4467}.Debug|x86.Build.0 = Debug|Any CPU
		{F758C060-689F-445D-BD0A-7CE7C78B4467}.Release|Any CPU.ActiveCfg = Release|Any CPU
		{F758C060-689F-445D-BD0A-7CE7C78B4467}.Release|Any CPU.Build.0 = Release|Any CPU
		{F758C060-689F-445D-BD0A-7CE7C78B4467}.Release|x64.ActiveCfg = Release|Any CPU
		{F758C060-689F-445D-BD0A-7CE7C78B4467}.Release|x64.Build.0 = Release|Any CPU
		{F758C060-689F-445D-BD0A-7CE7C78B4467}.Release|x86.ActiveCfg = Release|Any CPU
		{F758C060-689F-445D-BD0A-7CE7C78B4467}.Release|x86.Build.0 = Release|Any CPU
		{4D964FCE-8B6A-403D-98B1-E445F849DE57}.Debug|Any CPU.ActiveCfg = Debug|Any CPU
		{4D964FCE-8B6A-403D-98B1-E445F849DE57}.Debug|Any CPU.Build.0 = Debug|Any CPU
		{4D964FCE-8B6A-403D-98B1-E445F849DE57}.Debug|x64.ActiveCfg = Debug|Any CPU
		{4D964FCE-8B6A-403D-98B1-E445F849DE57}.Debug|x64.Build.0 = Debug|Any CPU
		{4D964FCE-8B6A-403D-98B1-E445F849DE57}.Debug|x86.ActiveCfg = Debug|Any CPU
		{4D964FCE-8B6A-403D-98B1-E445F849DE57}.Debug|x86.Build.0 = Debug|Any CPU
		{4D964FCE-8B6A-403D-98B1-E445F849DE57}.Release|Any CPU.ActiveCfg = Release|Any CPU
		{4D964FCE-8B6A-403D-98B1-E445F849DE57}.Release|Any CPU.Build.0 = Release|Any CPU
		{4D964FCE-8B6A-403D-98B1-E445F849DE57}.Release|x64.ActiveCfg = Release|Any CPU
		{4D964FCE-8B6A-403D-98B1-E445F849DE57}.Release|x64.Build.0 = Release|Any CPU
		{4D964FCE-8B6A-403D-98B1-E445F849DE57}.Release|x86.ActiveCfg = Release|Any CPU
		{4D964FCE-8B6A-403D-98B1-E445F849DE57}.Release|x86.Build.0 = Release|Any CPU
		{28DEFDB1-1941-4F05-9089-D1634977826F}.Debug|Any CPU.ActiveCfg = Debug|Any CPU
		{28DEFDB1-1941-4F05-9089-D1634977826F}.Debug|Any CPU.Build.0 = Debug|Any CPU
		{28DEFDB1-1941-4F05-9089-D1634977826F}.Debug|x64.ActiveCfg = Debug|Any CPU
		{28DEFDB1-1941-4F05-9089-D1634977826F}.Debug|x64.Build.0 = Debug|Any CPU
		{28DEFDB1-1941-4F05-9089-D1634977826F}.Debug|x86.ActiveCfg = Debug|Any CPU
		{28DEFDB1-1941-4F05-9089-D1634977826F}.Debug|x86.Build.0 = Debug|Any CPU
		{28DEFDB1-1941-4F05-9089-D1634977826F}.Release|Any CPU.ActiveCfg = Release|Any CPU
		{28DEFDB1-1941-4F05-9089-D1634977826F}.Release|Any CPU.Build.0 = Release|Any CPU
		{28DEFDB1-1941-4F05-9089-D1634977826F}.Release|x64.ActiveCfg = Release|Any CPU
		{28DEFDB1-1941-4F05-9089-D1634977826F}.Release|x64.Build.0 = Release|Any CPU
		{28DEFDB1-1941-4F05-9089-D1634977826F}.Release|x86.ActiveCfg = Release|Any CPU
		{28DEFDB1-1941-4F05-9089-D1634977826F}.Release|x86.Build.0 = Release|Any CPU
	EndGlobalSection
	GlobalSection(SolutionProperties) = preSolution
		HideSolutionNode = FALSE
	EndGlobalSection
	GlobalSection(NestedProjects) = preSolution
		{F758C060-689F-445D-BD0A-7CE7C78B4467} = {827E0CD3-B72D-47B6-A68D-7590B98EB39B}
		{28DEFDB1-1941-4F05-9089-D1634977826F} = {F9813FE2-2D6E-4345-B05B-79D68B1978CB}
		{4D964FCE-8B6A-403D-98B1-E445F849DE57} = {9010398F-793C-4ACA-9309-A0A2F6B8839B}
	EndGlobalSection
EndGlobal
